{
    "name": "advent-of-code-2023",
    "version": "1.0.0",
    "lockfileVersion": 3,
    "requires": true,
    "packages": {
        "": {
            "name": "advent-of-code-2023",
            "version": "1.0.0",
            "dependencies": {
                "@datastructures-js/priority-queue": "^6.3.0"
            },
            "devDependencies": {
                "prettier": "^3.1.0"
            }
        },
        "node_modules/@datastructures-js/heap": {
            "version": "4.3.2",
            "resolved": "https://registry.npmjs.org/@datastructures-js/heap/-/heap-4.3.2.tgz",
            "integrity": "sha512-7/9QSsIZ+wMG3C9++mz9iOjdtTp9C036PISHvNjG3eyFO8nXOBJQFKgeV7M6/+EPl+oXXFRGBb8Ue60LsqTqGw=="
        },
        "node_modules/@datastructures-js/priority-queue": {
            "version": "6.3.0",
            "resolved": "https://registry.npmjs.org/@datastructures-js/priority-queue/-/priority-queue-6.3.0.tgz",
            "integrity": "sha512-bJkryPys8zVYMCSjyBPYzJlw5V2kMeOYzGHRBXiGkwqTv8vZ/Ux5RO736T8Y6l3cH+ocbQV9UxlsFwA9qI4VhA==",
            "dependencies": {
                "@datastructures-js/heap": "^4.3.1"
            }
        },
        "node_modules/prettier": {
            "version": "3.1.0",
            "resolved": "https://registry.npmjs.org/prettier/-/prettier-3.1.0.tgz",
            "integrity": "sha512-TQLvXjq5IAibjh8EpBIkNKxO749UEWABoiIZehEPiY4GNpVdhaFKqSTu+QrlU6D2dPAfubRmtJTi4K4YkQ5eXw==",
            "dev": true,
            "bin": {
                "prettier": "bin/prettier.cjs"
            },
            "engines": {
                "node": ">=14"
            },
            "funding": {
                "url": "https://github.com/prettier/prettier?sponsor=1"
            }
        }
    }
}
